<?xml version="1.0" encoding="utf-8"?>
<Project ToolsVersion="4.0" xmlns="http://schemas.microsoft.com/developer/msbuild/2003">
  <ItemGroup>
    <ClCompile Include="src\Consumable.cpp" />
    <ClCompile Include="src\Game.cpp" />
    <ClCompile Include="src\Ghost.cpp" />
    <ClCompile Include="src\Graph.cpp" />
    <ClCompile Include="src\LevelManager.cpp" />
    <ClCompile Include="src\main.cpp" />
    <ClCompile Include="src\Node.cpp" />
    <ClCompile Include="src\Pellet.cpp" />
    <ClCompile Include="src\Player.cpp" />
    <ClCompile Include="src\Screens\AttractScreen.cpp" />
    <ClCompile Include="src\Screens\GameplayScreen.cpp" />
    <ClCompile Include="src\Sprite.cpp" />
    <ClCompile Include="src\TextureManager.cpp" />
    <ClCompile Include="src\Utils.cpp" />
    <ClCompile Include="src\Wall.cpp" />
    <ClCompile Include="src\MovingAgent.cpp" />
  </ItemGroup>
  <ItemGroup>
    <ClInclude Include="include\Consumable.h" />
    <ClInclude Include="include\Game.h" />
    <ClInclude Include="include\Ghost.h" />
    <ClInclude Include="include\Global.h" />
    <ClInclude Include="include\LevelManager.h" />
    <ClInclude Include="include\Node.h" />
    <ClInclude Include="include\Pellet.h" />
    <ClInclude Include="include\Player.h" />
    <ClInclude Include="include\Screens\AttractScreen.h" />
    <ClInclude Include="include\Screens\GameplayScreen.h" />
    <ClInclude Include="include\Screens\IScreen.h" />
    <ClInclude Include="include\Sprite.h" />
    <ClInclude Include="include\TextureManager.h" />
    <ClInclude Include="include\Tile.h" />
    <ClInclude Include="include\TileMap.h" />
    <ClInclude Include="include\Utils.h" />
    <ClInclude Include="include\Wall.h" />
    <ClInclude Include="include\graph.h" />
    <ClInclude Include="include\IRenderable.h" />
    <ClInclude Include="include\Enumerations\ConsumableTypeEnum.h" />
    <ClInclude Include="include\Enumerations\NodeTypeEnum.h" />
    <ClInclude Include="include\Enumerations\DirectionEnum.h" />
    <ClInclude Include="include\MovingAgent.h" />
  </ItemGroup>
  <ItemGroup>
    <Image Include="Resources\blinky.png" />
    <Image Include="Resources\clyde.png" />
    <Image Include="Resources\inky.png" />
    <Image Include="Resources\pac-man_closed.png" />
    <Image Include="Resources\pac-man_D.png" />
    <Image Include="Resources\pac-man_L.png" />
    <Image Include="Resources\pac-man_R.png" />
    <Image Include="Resources\pac-man_U.png" />
    <Image Include="Resources\pellet.png" />
    <Image Include="Resources\pinky.png" />
    <Image Include="Resources\tile.png" />
    <Image Include="Resources\wall.png" />
  </ItemGroup>
  <ItemGroup>
    <Font Include="Resources\Fonts\ARIAL.TTF" />
    <Font Include="Resources\Fonts\PAC-FONT.TTF" />
  </ItemGroup>
  <ItemGroup>
    <None Include="Level1.txt" />
  </ItemGroup>
  <ItemGroup>
    <Text Include="Resources\LevelData\Level0.txt" />
    <Text Include="Resources\LevelData\PowerPelletLevel.txt" />
  </ItemGroup>
</Project>