<?xml version="1.0" encoding="utf-8"?>
<Project ToolsVersion="4.0" xmlns="http://schemas.microsoft.com/developer/msbuild/2003">
  <ItemGroup>
    <Filter Include="Source Files">
      <UniqueIdentifier>{4FC737F1-C7A5-4376-A066-2A32D752A2FF}</UniqueIdentifier>
      <Extensions>cpp;c;cc;cxx;def;odl;idl;hpj;bat;asm;asmx</Extensions>
    </Filter>
    <Filter Include="Header Files">
      <UniqueIdentifier>{93995380-89BD-4b04-88EB-625FBE52EBFB}</UniqueIdentifier>
      <Extensions>h;hpp;hxx;hm;inl;inc;xsd</Extensions>
    </Filter>
    <Filter Include="Resource Files">
      <UniqueIdentifier>{67DA6AB6-F800-4c08-8B7A-83BB121AAD01}</UniqueIdentifier>
      <Extensions>rc;ico;cur;bmp;dlg;rc2;rct;bin;rgs;gif;jpg;jpeg;jpe;resx;tiff;tif;png;wav;mfcribbon-ms</Extensions>
    </Filter>
    <Filter Include="Header Files\Framework">
      <UniqueIdentifier>{44bc3c45-484d-487a-bc2b-e313c87c29e1}</UniqueIdentifier>
    </Filter>
    <Filter Include="Source Files\Framework">
      <UniqueIdentifier>{09a69655-1ffd-4368-9dab-0afe4e9c288a}</UniqueIdentifier>
    </Filter>
    <Filter Include="Header Files\Enumerations">
      <UniqueIdentifier>{68e7b9c3-f3bf-4e1f-b13b-8ba8ed819455}</UniqueIdentifier>
    </Filter>
    <Filter Include="Resource Files\LevelData">
      <UniqueIdentifier>{da2d7109-99c3-4207-9726-c76e5c31ca31}</UniqueIdentifier>
    </Filter>
  </ItemGroup>
  <ItemGroup>
    <ClCompile Include="main.cpp">
      <Filter>Source Files</Filter>
    </ClCompile>
    <ClCompile Include="Game.cpp">
      <Filter>Source Files</Filter>
    </ClCompile>
    <ClCompile Include="TextureManager.cpp">
      <Filter>Source Files\Framework</Filter>
    </ClCompile>
    <ClCompile Include="Sprite.cpp">
      <Filter>Source Files\Framework</Filter>
    </ClCompile>
    <ClCompile Include="Tile.cpp">
      <Filter>Source Files</Filter>
    </ClCompile>
    <ClCompile Include="TileMap.cpp">
      <Filter>Source Files</Filter>
    </ClCompile>
    <ClCompile Include="Player.cpp">
      <Filter>Source Files</Filter>
    </ClCompile>
    <ClCompile Include="MovingEntity.cpp">
      <Filter>Source Files</Filter>
    </ClCompile>
    <ClCompile Include="Wall.cpp">
      <Filter>Source Files</Filter>
    </ClCompile>
  </ItemGroup>
  <ItemGroup>
    <ClInclude Include="Game.h">
      <Filter>Header Files</Filter>
    </ClInclude>
    <ClInclude Include="TextureManager.h">
      <Filter>Header Files\Framework</Filter>
    </ClInclude>
    <ClInclude Include="Sprite.h">
      <Filter>Header Files\Framework</Filter>
    </ClInclude>
    <ClInclude Include="Tile.h">
      <Filter>Header Files</Filter>
    </ClInclude>
    <ClInclude Include="TileMap.h">
      <Filter>Header Files</Filter>
    </ClInclude>
    <ClInclude Include="MovingEntity.h">
      <Filter>Header Files</Filter>
    </ClInclude>
    <ClInclude Include="Player.h">
      <Filter>Header Files</Filter>
    </ClInclude>
    <ClInclude Include="DirectionEnum.h">
      <Filter>Header Files\Enumerations</Filter>
    </ClInclude>
    <ClInclude Include="Utils.h">
      <Filter>Header Files</Filter>
    </ClInclude>
    <ClInclude Include="Wall.h">
      <Filter>Header Files</Filter>
    </ClInclude>
    <ClInclude Include="TileTypeEnum.h">
      <Filter>Header Files\Enumerations</Filter>
    </ClInclude>
  </ItemGroup>
  <ItemGroup>
    <None Include="pacman.bmp">
      <Filter>Resource Files</Filter>
    </None>
    <None Include="large_pellet.bmp">
      <Filter>Resource Files</Filter>
    </None>
    <None Include="pac-man.png">
      <Filter>Resource Files</Filter>
    </None>
    <None Include="pac-man-sprite-sheet.png">
      <Filter>Resource Files</Filter>
    </None>
    <None Include="tile.png">
      <Filter>Resource Files</Filter>
    </None>
    <None Include="wall.png">
      <Filter>Resource Files</Filter>
    </None>
    <None Include="pac-man-board.txt">
      <Filter>Resource Files\LevelData</Filter>
    </None>
  </ItemGroup>
  <ItemGroup>
    <Image Include="pellet.png">
      <Filter>Resource Files</Filter>
    </Image>
  </ItemGroup>
</Project>