<?xml version="1.0" encoding="utf-8"?>
<Project ToolsVersion="4.0" xmlns="http://schemas.microsoft.com/developer/msbuild/2003">
  <ItemGroup>
    <Filter Include="Source Files">
      <UniqueIdentifier>{4FC737F1-C7A5-4376-A066-2A32D752A2FF}</UniqueIdentifier>
      <Extensions>cpp;c;cc;cxx;def;odl;idl;hpj;bat;asm;asmx</Extensions>
    </Filter>
    <Filter Include="Header Files">
      <UniqueIdentifier>{93995380-89BD-4b04-88EB-625FBE52EBFB}</UniqueIdentifier>
      <Extensions>h;hpp;hxx;hm;inl;inc;xsd</Extensions>
    </Filter>
    <Filter Include="Resource Files">
      <UniqueIdentifier>{67DA6AB6-F800-4c08-8B7A-83BB121AAD01}</UniqueIdentifier>
      <Extensions>rc;ico;cur;bmp;dlg;rc2;rct;bin;rgs;gif;jpg;jpeg;jpe;resx;tiff;tif;png;wav;mfcribbon-ms</Extensions>
    </Filter>
    <Filter Include="Header Files\Framework">
      <UniqueIdentifier>{44bc3c45-484d-487a-bc2b-e313c87c29e1}</UniqueIdentifier>
    </Filter>
    <Filter Include="Source Files\Framework">
      <UniqueIdentifier>{09a69655-1ffd-4368-9dab-0afe4e9c288a}</UniqueIdentifier>
    </Filter>
    <Filter Include="Header Files\Enumerations">
      <UniqueIdentifier>{68e7b9c3-f3bf-4e1f-b13b-8ba8ed819455}</UniqueIdentifier>
    </Filter>
    <Filter Include="Resource Files\LevelData">
      <UniqueIdentifier>{da2d7109-99c3-4207-9726-c76e5c31ca31}</UniqueIdentifier>
    </Filter>
    <Filter Include="Source Files\Graph">
      <UniqueIdentifier>{7698977c-1a98-43a9-91d6-252aa4a9dc0a}</UniqueIdentifier>
    </Filter>
    <Filter Include="Header Files\Graph">
      <UniqueIdentifier>{45a32f7d-a336-459c-a24a-c03a56f34ad3}</UniqueIdentifier>
    </Filter>
    <Filter Include="Resource Files\Fonts">
      <UniqueIdentifier>{73a32654-b87d-4c28-b10b-181376951da6}</UniqueIdentifier>
    </Filter>
  </ItemGroup>
  <ItemGroup>
    <None Include="pacman.bmp">
      <Filter>Resource Files</Filter>
    </None>
    <None Include="large_pellet.bmp">
      <Filter>Resource Files</Filter>
    </None>
    <None Include="Level1.txt">
      <Filter>Resource Files\LevelData</Filter>
    </None>
  </ItemGroup>
  <ItemGroup>
    <Font Include="ARIAL.TTF">
      <Filter>Resource Files\Fonts</Filter>
    </Font>
  </ItemGroup>
  <ItemGroup>
    <Image Include="Resources\blinky.png">
      <Filter>Resource Files</Filter>
    </Image>
    <Image Include="Resources\clyde.png">
      <Filter>Resource Files</Filter>
    </Image>
    <Image Include="Resources\inky.png">
      <Filter>Resource Files</Filter>
    </Image>
    <Image Include="Resources\pac-man_closed.png">
      <Filter>Resource Files</Filter>
    </Image>
    <Image Include="Resources\pac-man_D.png">
      <Filter>Resource Files</Filter>
    </Image>
    <Image Include="Resources\pac-man_L.png">
      <Filter>Resource Files</Filter>
    </Image>
    <Image Include="Resources\pac-man_R.png">
      <Filter>Resource Files</Filter>
    </Image>
    <Image Include="Resources\pac-man_U.png">
      <Filter>Resource Files</Filter>
    </Image>
    <Image Include="Resources\pac-man-sprite-sheet.png">
      <Filter>Resource Files</Filter>
    </Image>
    <Image Include="Resources\pellet.png">
      <Filter>Resource Files</Filter>
    </Image>
    <Image Include="Resources\pinky.png">
      <Filter>Resource Files</Filter>
    </Image>
    <Image Include="Resources\tile.png">
      <Filter>Resource Files</Filter>
    </Image>
    <Image Include="Resources\wall.png">
      <Filter>Resource Files</Filter>
    </Image>
  </ItemGroup>
  <ItemGroup>
    <ClCompile Include="src\Consumable.cpp">
      <Filter>Source Files</Filter>
    </ClCompile>
    <ClCompile Include="src\Edge.cpp">
      <Filter>Source Files</Filter>
    </ClCompile>
    <ClCompile Include="src\Game.cpp">
      <Filter>Source Files</Filter>
    </ClCompile>
    <ClCompile Include="src\Ghost.cpp">
      <Filter>Source Files</Filter>
    </ClCompile>
    <ClCompile Include="src\Graph.cpp">
      <Filter>Source Files</Filter>
    </ClCompile>
    <ClCompile Include="src\LevelManager.cpp">
      <Filter>Source Files</Filter>
    </ClCompile>
    <ClCompile Include="src\main.cpp">
      <Filter>Source Files</Filter>
    </ClCompile>
    <ClCompile Include="src\MovingEntity.cpp">
      <Filter>Source Files</Filter>
    </ClCompile>
    <ClCompile Include="src\Node.cpp">
      <Filter>Source Files</Filter>
    </ClCompile>
    <ClCompile Include="src\Pellet.cpp">
      <Filter>Source Files</Filter>
    </ClCompile>
    <ClCompile Include="src\Player.cpp">
      <Filter>Source Files</Filter>
    </ClCompile>
    <ClCompile Include="src\Sprite.cpp">
      <Filter>Source Files</Filter>
    </ClCompile>
    <ClCompile Include="src\TextureManager.cpp">
      <Filter>Source Files</Filter>
    </ClCompile>
    <ClCompile Include="src\Tile.cpp">
      <Filter>Source Files</Filter>
    </ClCompile>
    <ClCompile Include="src\TileMap.cpp">
      <Filter>Source Files</Filter>
    </ClCompile>
    <ClCompile Include="src\Wall.cpp">
      <Filter>Source Files</Filter>
    </ClCompile>
    <ClCompile Include="Utils.cpp">
      <Filter>Source Files</Filter>
    </ClCompile>
  </ItemGroup>
  <ItemGroup>
    <ClInclude Include="include\Consumable.h">
      <Filter>Header Files</Filter>
    </ClInclude>
    <ClInclude Include="include\ConsumableType.h">
      <Filter>Header Files</Filter>
    </ClInclude>
    <ClInclude Include="include\DirectionEnum.h">
      <Filter>Header Files</Filter>
    </ClInclude>
    <ClInclude Include="include\Edge.h">
      <Filter>Header Files</Filter>
    </ClInclude>
    <ClInclude Include="include\Game.h">
      <Filter>Header Files</Filter>
    </ClInclude>
    <ClInclude Include="include\Ghost.h">
      <Filter>Header Files</Filter>
    </ClInclude>
    <ClInclude Include="include\Global.h">
      <Filter>Header Files</Filter>
    </ClInclude>
    <ClInclude Include="include\graph.h">
      <Filter>Header Files</Filter>
    </ClInclude>
    <ClInclude Include="include\IScreen.h">
      <Filter>Header Files</Filter>
    </ClInclude>
    <ClInclude Include="include\LevelManager.h">
      <Filter>Header Files</Filter>
    </ClInclude>
    <ClInclude Include="include\MovingEntity.h">
      <Filter>Header Files</Filter>
    </ClInclude>
    <ClInclude Include="include\Node.h">
      <Filter>Header Files</Filter>
    </ClInclude>
    <ClInclude Include="include\NodeType.h">
      <Filter>Header Files</Filter>
    </ClInclude>
    <ClInclude Include="include\Pellet.h">
      <Filter>Header Files</Filter>
    </ClInclude>
    <ClInclude Include="include\Player.h">
      <Filter>Header Files</Filter>
    </ClInclude>
    <ClInclude Include="include\Sprite.h">
      <Filter>Header Files</Filter>
    </ClInclude>
    <ClInclude Include="include\TextureManager.h">
      <Filter>Header Files</Filter>
    </ClInclude>
    <ClInclude Include="include\Tile.h">
      <Filter>Header Files</Filter>
    </ClInclude>
    <ClInclude Include="include\TileMap.h">
      <Filter>Header Files</Filter>
    </ClInclude>
    <ClInclude Include="include\Utils.h">
      <Filter>Header Files</Filter>
    </ClInclude>
    <ClInclude Include="include\Wall.h">
      <Filter>Header Files</Filter>
    </ClInclude>
  </ItemGroup>
</Project>